{
  "name": "executable-openapi",
  "version": "0.0.0",
  "lockfileVersion": 1,
  "requires": true,
  "dependencies": {
    "openapi3-ts": {
      "version": "2.0.1",
      "resolved": "https://registry.npmjs.org/openapi3-ts/-/openapi3-ts-2.0.1.tgz",
      "integrity": "sha512-v6X3iwddhi276siej96jHGIqTx3wzVfMTmpGJEQDt7GPI7pI6sywItURLzpEci21SBRpPN/aOWSF5mVfFVNmcg==",
      "requires": {
        "yaml": "^1.10.0"
      }
    },
    "yaml": {
      "version": "1.10.2",
      "resolved": "https://registry.npmjs.org/yaml/-/yaml-1.10.2.tgz",
      "integrity": "sha512-r3vXyErRCYJ7wg28yvBY5VSoAF8ZvlcW9/BwUzEtUsjvX/DKs24dIkuwjtuprwJJHsbyUbLApepYTR1BN4uHrg=="
    }
  }
}
